// !$*UTF8*$!
{
	archiveVersion = 1;
	classes = {
	};
	objectVersion = 50;
	objects = {

/* Begin PBXBuildFile section */
		DE2F541B2AEA49710057AF22 /* AppDelegate.swift in Sources */ = {isa = PBXBuildFile; fileRef = DE2F541A2AEA49710057AF22 /* AppDelegate.swift */; };
		DE2F541D2AEA49710057AF22 /* SceneDelegate.swift in Sources */ = {isa = PBXBuildFile; fileRef = DE2F541C2AEA49710057AF22 /* SceneDelegate.swift */; };
		DE2F541F2AEA49710057AF22 /* ViewController.swift in Sources */ = {isa = PBXBuildFile; fileRef = DE2F541E2AEA49710057AF22 /* ViewController.swift */; };
		DE2F54222AEA49710057AF22 /* Main.storyboard in Resources */ = {isa = PBXBuildFile; fileRef = DE2F54202AEA49710057AF22 /* Main.storyboard */; };
		DE2F54242AEA49720057AF22 /* Assets.xcassets in Resources */ = {isa = PBXBuildFile; fileRef = DE2F54232AEA49720057AF22 /* Assets.xcassets */; };
		DE2F54272AEA49720057AF22 /* LaunchScreen.storyboard in Resources */ = {isa = PBXBuildFile; fileRef = DE2F54252AEA49720057AF22 /* LaunchScreen.storyboard */; };
		DE2F54322AEA49720057AF22 /* Ejercicio2XcodeTests.swift in Sources */ = {isa = PBXBuildFile; fileRef = DE2F54312AEA49720057AF22 /* Ejercicio2XcodeTests.swift */; };
		DE2F543D2AEA49720057AF22 /* Ejercicio2XcodeUITests.swift in Sources */ = {isa = PBXBuildFile; fileRef = DE2F543C2AEA49720057AF22 /* Ejercicio2XcodeUITests.swift */; };
/* End PBXBuildFile section */

/* Begin PBXContainerItemProxy section */
		DE2F542E2AEA49720057AF22 /* PBXContainerItemProxy */ = {
			isa = PBXContainerItemProxy;
			containerPortal = DE2F540F2AEA49710057AF22 /* Project object */;
			proxyType = 1;
			remoteGlobalIDString = DE2F54162AEA49710057AF22;
			remoteInfo = Ejercicio2Xcode;
		};
		DE2F54392AEA49720057AF22 /* PBXContainerItemProxy */ = {
			isa = PBXContainerItemProxy;
			containerPortal = DE2F540F2AEA49710057AF22 /* Project object */;
			proxyType = 1;
			remoteGlobalIDString = DE2F54162AEA49710057AF22;
			remoteInfo = Ejercicio2Xcode;
		};
/* End PBXContainerItemProxy section */

/* Begin PBXFileReference section */
		DE2F54172AEA49710057AF22 /* Ejercicio2Xcode.app */ = {isa = PBXFileReference; explicitFileType = wrapper.application; includeInIndex = 0; path = Ejercicio2Xcode.app; sourceTree = BUILT_PRODUCTS_DIR; };
		DE2F541A2AEA49710057AF22 /* AppDelegate.swift */ = {isa = PBXFileReference; lastKnownFileType = sourcecode.swift; path = AppDelegate.swift; sourceTree = "<group>"; };
		DE2F541C2AEA49710057AF22 /* SceneDelegate.swift */ = {isa = PBXFileReference; lastKnownFileType = sourcecode.swift; path = SceneDelegate.swift; sourceTree = "<group>"; };
		DE2F541E2AEA49710057AF22 /* ViewController.swift */ = {isa = PBXFileReference; lastKnownFileType = sourcecode.swift; path = ViewController.swift; sourceTree = "<group>"; };
		DE2F54212AEA49710057AF22 /* Base */ = {isa = PBXFileReference; lastKnownFileType = file.storyboard; name = Base; path = Base.lproj/Main.storyboard; sourceTree = "<group>"; };
		DE2F54232AEA49720057AF22 /* Assets.xcassets */ = {isa = PBXFileReference; lastKnownFileType = folder.assetcatalog; path = Assets.xcassets; sourceTree = "<group>"; };
		DE2F54262AEA49720057AF22 /* Base */ = {isa = PBXFileReference; lastKnownFileType = file.storyboard; name = Base; path = Base.lproj/LaunchScreen.storyboard; sourceTree = "<group>"; };
		DE2F54282AEA49720057AF22 /* Info.plist */ = {isa = PBXFileReference; lastKnownFileType = text.plist.xml; path = Info.plist; sourceTree = "<group>"; };
		DE2F542D2AEA49720057AF22 /* Ejercicio2XcodeTests.xctest */ = {isa = PBXFileReference; explicitFileType = wrapper.cfbundle; includeInIndex = 0; path = Ejercicio2XcodeTests.xctest; sourceTree = BUILT_PRODUCTS_DIR; };
		DE2F54312AEA49720057AF22 /* Ejercicio2XcodeTests.swift */ = {isa = PBXFileReference; lastKnownFileType = sourcecode.swift; path = Ejercicio2XcodeTests.swift; sourceTree = "<group>"; };
		DE2F54332AEA49720057AF22 /* Info.plist */ = {isa = PBXFileReference; lastKnownFileType = text.plist.xml; path = Info.plist; sourceTree = "<group>"; };
		DE2F54382AEA49720057AF22 /* Ejercicio2XcodeUITests.xctest */ = {isa = PBXFileReference; explicitFileType = wrapper.cfbundle; includeInIndex = 0; path = Ejercicio2XcodeUITests.xctest; sourceTree = BUILT_PRODUCTS_DIR; };
		DE2F543C2AEA49720057AF22 /* Ejercicio2XcodeUITests.swift */ = {isa = PBXFileReference; lastKnownFileType = sourcecode.swift; path = Ejercicio2XcodeUITests.swift; sourceTree = "<group>"; };
		DE2F543E2AEA49720057AF22 /* Info.plist */ = {isa = PBXFileReference; lastKnownFileType = text.plist.xml; path = Info.plist; sourceTree = "<group>"; };
/* End PBXFileReference section */

/* Begin PBXFrameworksBuildPhase section */
		DE2F54142AEA49710057AF22 /* Frameworks */ = {
			isa = PBXFrameworksBuildPhase;
			buildActionMask = 2147483647;
			files = (
			);
			runOnlyForDeploymentPostprocessing = 0;
		};
		DE2F542A2AEA49720057AF22 /* Frameworks */ = {
			isa = PBXFrameworksBuildPhase;
			buildActionMask = 2147483647;
			files = (
			);
			runOnlyForDeploymentPostprocessing = 0;
		};
		DE2F54352AEA49720057AF22 /* Frameworks */ = {
			isa = PBXFrameworksBuildPhase;
			buildActionMask = 2147483647;
			files = (
			);
			runOnlyForDeploymentPostprocessing = 0;
		};
/* End PBXFrameworksBuildPhase section */

/* Begin PBXGroup section */
		DE2F540E2AEA49710057AF22 = {
			isa = PBXGroup;
			children = (
				DE2F54192AEA49710057AF22 /* Ejercicio2Xcode */,
				DE2F54302AEA49720057AF22 /* Ejercicio2XcodeTests */,
				DE2F543B2AEA49720057AF22 /* Ejercicio2XcodeUITests */,
				DE2F54182AEA49710057AF22 /* Products */,
			);
			sourceTree = "<group>";
		};
		DE2F54182AEA49710057AF22 /* Products */ = {
			isa = PBXGroup;
			children = (
				DE2F54172AEA49710057AF22 /* Ejercicio2Xcode.app */,
				DE2F542D2AEA49720057AF22 /* Ejercicio2XcodeTests.xctest */,
				DE2F54382AEA49720057AF22 /* Ejercicio2XcodeUITests.xctest */,
			);
			name = Products;
			sourceTree = "<group>";
		};
		DE2F54192AEA49710057AF22 /* Ejercicio2Xcode */ = {
			isa = PBXGroup;
			children = (
				DE2F541A2AEA49710057AF22 /* AppDelegate.swift */,
				DE2F541C2AEA49710057AF22 /* SceneDelegate.swift */,
				DE2F541E2AEA49710057AF22 /* ViewController.swift */,
				DE2F54202AEA49710057AF22 /* Main.storyboard */,
				DE2F54232AEA49720057AF22 /* Assets.xcassets */,
				DE2F54252AEA49720057AF22 /* LaunchScreen.storyboard */,
				DE2F54282AEA49720057AF22 /* Info.plist */,
			);
			path = Ejercicio2Xcode;
			sourceTree = "<group>";
		};
		DE2F54302AEA49720057AF22 /* Ejercicio2XcodeTests */ = {
			isa = PBXGroup;
			children = (
				DE2F54312AEA49720057AF22 /* Ejercicio2XcodeTests.swift */,
				DE2F54332AEA49720057AF22 /* Info.plist */,
			);
			path = Ejercicio2XcodeTests;
			sourceTree = "<group>";
		};
		DE2F543B2AEA49720057AF22 /* Ejercicio2XcodeUITests */ = {
			isa = PBXGroup;
			children = (
				DE2F543C2AEA49720057AF22 /* Ejercicio2XcodeUITests.swift */,
				DE2F543E2AEA49720057AF22 /* Info.plist */,
			);
			path = Ejercicio2XcodeUITests;
			sourceTree = "<group>";
		};
/* End PBXGroup section */

/* Begin PBXNativeTarget section */
		DE2F54162AEA49710057AF22 /* Ejercicio2Xcode */ = {
			isa = PBXNativeTarget;
			buildConfigurationList = DE2F54412AEA49720057AF22 /* Build configuration list for PBXNativeTarget "Ejercicio2Xcode" */;
			buildPhases = (
				DE2F54132AEA49710057AF22 /* Sources */,
				DE2F54142AEA49710057AF22 /* Frameworks */,
				DE2F54152AEA49710057AF22 /* Resources */,
			);
			buildRules = (
			);
			dependencies = (
			);
			name = Ejercicio2Xcode;
			productName = Ejercicio2Xcode;
			productReference = DE2F54172AEA49710057AF22 /* Ejercicio2Xcode.app */;
			productType = "com.apple.product-type.application";
		};
		DE2F542C2AEA49720057AF22 /* Ejercicio2XcodeTests */ = {
			isa = PBXNativeTarget;
			buildConfigurationList = DE2F54442AEA49720057AF22 /* Build configuration list for PBXNativeTarget "Ejercicio2XcodeTests" */;
			buildPhases = (
				DE2F54292AEA49720057AF22 /* Sources */,
				DE2F542A2AEA49720057AF22 /* Frameworks */,
				DE2F542B2AEA49720057AF22 /* Resources */,
			);
			buildRules = (
			);
			dependencies = (
				DE2F542F2AEA49720057AF22 /* PBXTargetDependency */,
			);
			name = Ejercicio2XcodeTests;
			productName = Ejercicio2XcodeTests;
			productReference = DE2F542D2AEA49720057AF22 /* Ejercicio2XcodeTests.xctest */;
			productType = "com.apple.product-type.bundle.unit-test";
		};
		DE2F54372AEA49720057AF22 /* Ejercicio2XcodeUITests */ = {
			isa = PBXNativeTarget;
			buildConfigurationList = DE2F54472AEA49720057AF22 /* Build configuration list for PBXNativeTarget "Ejercicio2XcodeUITests" */;
			buildPhases = (
				DE2F54342AEA49720057AF22 /* Sources */,
				DE2F54352AEA49720057AF22 /* Frameworks */,
				DE2F54362AEA49720057AF22 /* Resources */,
			);
			buildRules = (
			);
			dependencies = (
				DE2F543A2AEA49720057AF22 /* PBXTargetDependency */,
			);
			name = Ejercicio2XcodeUITests;
			productName = Ejercicio2XcodeUITests;
			productReference = DE2F54382AEA49720057AF22 /* Ejercicio2XcodeUITests.xctest */;
			productType = "com.apple.product-type.bundle.ui-testing";
		};
/* End PBXNativeTarget section */

/* Begin PBXProject section */
		DE2F540F2AEA49710057AF22 /* Project object */ = {
			isa = PBXProject;
			attributes = {
				LastSwiftUpdateCheck = 1240;
				LastUpgradeCheck = 1240;
				TargetAttributes = {
					DE2F54162AEA49710057AF22 = {
						CreatedOnToolsVersion = 12.4;
					};
					DE2F542C2AEA49720057AF22 = {
						CreatedOnToolsVersion = 12.4;
						TestTargetID = DE2F54162AEA49710057AF22;
					};
					DE2F54372AEA49720057AF22 = {
						CreatedOnToolsVersion = 12.4;
						TestTargetID = DE2F54162AEA49710057AF22;
					};
				};
			};
			buildConfigurationList = DE2F54122AEA49710057AF22 /* Build configuration list for PBXProject "Ejercicio2Xcode" */;
			compatibilityVersion = "Xcode 9.3";
			developmentRegion = en;
			hasScannedForEncodings = 0;
			knownRegions = (
				en,
				Base,
			);
			mainGroup = DE2F540E2AEA49710057AF22;
			productRefGroup = DE2F54182AEA49710057AF22 /* Products */;
			projectDirPath = "";
			projectRoot = "";
			targets = (
				DE2F54162AEA49710057AF22 /* Ejercicio2Xcode */,
				DE2F542C2AEA49720057AF22 /* Ejercicio2XcodeTests */,
				DE2F54372AEA49720057AF22 /* Ejercicio2XcodeUITests */,
			);
		};
/* End PBXProject section */

/* Begin PBXResourcesBuildPhase section */
		DE2F54152AEA49710057AF22 /* Resources */ = {
			isa = PBXResourcesBuildPhase;
			buildActionMask = 2147483647;
			files = (
				DE2F54272AEA49720057AF22 /* LaunchScreen.storyboard in Resources */,
				DE2F54242AEA49720057AF22 /* Assets.xcassets in Resources */,
				DE2F54222AEA49710057AF22 /* Main.storyboard in Resources */,
			);
			runOnlyForDeploymentPostprocessing = 0;
		};
		DE2F542B2AEA49720057AF22 /* Resources */ = {
			isa = PBXResourcesBuildPhase;
			buildActionMask = 2147483647;
			files = (
			);
			runOnlyForDeploymentPostprocessing = 0;
		};
		DE2F54362AEA49720057AF22 /* Resources */ = {
			isa = PBXResourcesBuildPhase;
			buildActionMask = 2147483647;
			files = (
			);
			runOnlyForDeploymentPostprocessing = 0;
		};
/* End PBXResourcesBuildPhase section */

/* Begin PBXSourcesBuildPhase section */
		DE2F54132AEA49710057AF22 /* Sources */ = {
			isa = PBXSourcesBuildPhase;
			buildActionMask = 2147483647;
			files = (
				DE2F541F2AEA49710057AF22 /* ViewController.swift in Sources */,
				DE2F541B2AEA49710057AF22 /* AppDelegate.swift in Sources */,
				DE2F541D2AEA49710057AF22 /* SceneDelegate.swift in Sources */,
			);
			runOnlyForDeploymentPostprocessing = 0;
		};
		DE2F54292AEA49720057AF22 /* Sources */ = {
			isa = PBXSourcesBuildPhase;
			buildActionMask = 2147483647;
			files = (
				DE2F54322AEA49720057AF22 /* Ejercicio2XcodeTests.swift in Sources */,
			);
			runOnlyForDeploymentPostprocessing = 0;
		};
		DE2F54342AEA49720057AF22 /* Sources */ = {
			isa = PBXSourcesBuildPhase;
			buildActionMask = 2147483647;
			files = (
				DE2F543D2AEA49720057AF22 /* Ejercicio2XcodeUITests.swift in Sources */,
			);
			runOnlyForDeploymentPostprocessing = 0;
		};
/* End PBXSourcesBuildPhase section */

/* Begin PBXTargetDependency section */
		DE2F542F2AEA49720057AF22 /* PBXTargetDependency */ = {
			isa = PBXTargetDependency;
			target = DE2F54162AEA49710057AF22 /* Ejercicio2Xcode */;
			targetProxy = DE2F542E2AEA49720057AF22 /* PBXContainerItemProxy */;
		};
		DE2F543A2AEA49720057AF22 /* PBXTargetDependency */ = {
			isa = PBXTargetDependency;
			target = DE2F54162AEA49710057AF22 /* Ejercicio2Xcode */;
			targetProxy = DE2F54392AEA49720057AF22 /* PBXContainerItemProxy */;
		};
/* End PBXTargetDependency section */

/* Begin PBXVariantGroup section */
		DE2F54202AEA49710057AF22 /* Main.storyboard */ = {
			isa = PBXVariantGroup;
			children = (
				DE2F54212AEA49710057AF22 /* Base */,
			);
			name = Main.storyboard;
			sourceTree = "<group>";
		};
		DE2F54252AEA49720057AF22 /* LaunchScreen.storyboard */ = {
			isa = PBXVariantGroup;
			children = (
				DE2F54262AEA49720057AF22 /* Base */,
			);
			name = LaunchScreen.storyboard;
			sourceTree = "<group>";
		};
/* End PBXVariantGroup section */

/* Begin XCBuildConfiguration section */
		DE2F543F2AEA49720057AF22 /* Debug */ = {
			isa = XCBuildConfiguration;
			buildSettings = {
				ALWAYS_SEARCH_USER_PATHS = NO;
				CLANG_ANALYZER_NONNULL = YES;
				CLANG_ANALYZER_NUMBER_OBJECT_CONVERSION = YES_AGGRESSIVE;
				CLANG_CXX_LANGUAGE_STANDARD = "gnu++14";
				CLANG_CXX_LIBRARY = "libc++";
				CLANG_ENABLE_MODULES = YES;
				CLANG_ENABLE_OBJC_ARC = YES;
				CLANG_ENABLE_OBJC_WEAK = YES;
				CLANG_WARN_BLOCK_CAPTURE_AUTORELEASING = YES;
				CLANG_WARN_BOOL_CONVERSION = YES;
				CLANG_WARN_COMMA = YES;
				CLANG_WARN_CONSTANT_CONVERSION = YES;
				CLANG_WARN_DEPRECATED_OBJC_IMPLEMENTATIONS = YES;
				CLANG_WARN_DIRECT_OBJC_ISA_USAGE = YES_ERROR;
				CLANG_WARN_DOCUMENTATION_COMMENTS = YES;
				CLANG_WARN_EMPTY_BODY = YES;
				CLANG_WARN_ENUM_CONVERSION = YES;
				CLANG_WARN_INFINITE_RECURSION = YES;
				CLANG_WARN_INT_CONVERSION = YES;
				CLANG_WARN_NON_LITERAL_NULL_CONVERSION = YES;
				CLANG_WARN_OBJC_IMPLICIT_RETAIN_SELF = YES;
				CLANG_WARN_OBJC_LITERAL_CONVERSION = YES;
				CLANG_WARN_OBJC_ROOT_CLASS = YES_ERROR;
				CLANG_WARN_QUOTED_INCLUDE_IN_FRAMEWORK_HEADER = YES;
				CLANG_WARN_RANGE_LOOP_ANALYSIS = YES;
				CLANG_WARN_STRICT_PROTOTYPES = YES;
				CLANG_WARN_SUSPICIOUS_MOVE = YES;
				CLANG_WARN_UNGUARDED_AVAILABILITY = YES_AGGRESSIVE;
				CLANG_WARN_UNREACHABLE_CODE = YES;
				CLANG_WARN__DUPLICATE_METHOD_MATCH = YES;
				COPY_PHASE_STRIP = NO;
				DEBUG_INFORMATION_FORMAT = dwarf;
				ENABLE_STRICT_OBJC_MSGSEND = YES;
				ENABLE_TESTABILITY = YES;
				GCC_C_LANGUAGE_STANDARD = gnu11;
				GCC_DYNAMIC_NO_PIC = NO;
				GCC_NO_COMMON_BLOCKS = YES;
				GCC_OPTIMIZATION_LEVEL = 0;
				GCC_PREPROCESSOR_DEFINITIONS = (
					"DEBUG=1",
					"$(inherited)",
				);
				GCC_WARN_64_TO_32_BIT_CONVERSION = YES;
				GCC_WARN_ABOUT_RETURN_TYPE = YES_ERROR;
				GCC_WARN_UNDECLARED_SELECTOR = YES;
				GCC_WARN_UNINITIALIZED_AUTOS = YES_AGGRESSIVE;
				GCC_WARN_UNUSED_FUNCTION = YES;
				GCC_WARN_UNUSED_VARIABLE = YES;
				IPHONEOS_DEPLOYMENT_TARGET = 14.4;
				MTL_ENABLE_DEBUG_INFO = INCLUDE_SOURCE;
				MTL_FAST_MATH = YES;
				ONLY_ACTIVE_ARCH = YES;
				SDKROOT = iphoneos;
				SWIFT_ACTIVE_COMPILATION_CONDITIONS = DEBUG;
				SWIFT_OPTIMIZATION_LEVEL = "-Onone";
			};
			name = Debug;
		};
		DE2F54402AEA49720057AF22 /* Release */ = {
			isa = XCBuildConfiguration;
			buildSettings = {
				ALWAYS_SEARCH_USER_PATHS = NO;
				CLANG_ANALYZER_NONNULL = YES;
				CLANG_ANALYZER_NUMBER_OBJECT_CONVERSION = YES_AGGRESSIVE;
				CLANG_CXX_LANGUAGE_STANDARD = "gnu++14";
				CLANG_CXX_LIBRARY = "libc++";
				CLANG_ENABLE_MODULES = YES;
				CLANG_ENABLE_OBJC_ARC = YES;
				CLANG_ENABLE_OBJC_WEAK = YES;
				CLANG_WARN_BLOCK_CAPTURE_AUTORELEASING = YES;
				CLANG_WARN_BOOL_CONVERSION = YES;
				CLANG_WARN_COMMA = YES;
				CLANG_WARN_CONSTANT_CONVERSION = YES;
				CLANG_WARN_DEPRECATED_OBJC_IMPLEMENTATIONS = YES;
				CLANG_WARN_DIRECT_OBJC_ISA_USAGE = YES_ERROR;
				CLANG_WARN_DOCUMENTATION_COMMENTS = YES;
				CLANG_WARN_EMPTY_BODY = YES;
				CLANG_WARN_ENUM_CONVERSION = YES;
				CLANG_WARN_INFINITE_RECURSION = YES;
				CLANG_WARN_INT_CONVERSION = YES;
				CLANG_WARN_NON_LITERAL_NULL_CONVERSION = YES;
				CLANG_WARN_OBJC_IMPLICIT_RETAIN_SELF = YES;
				CLANG_WARN_OBJC_LITERAL_CONVERSION = YES;
				CLANG_WARN_OBJC_ROOT_CLASS = YES_ERROR;
				CLANG_WARN_QUOTED_INCLUDE_IN_FRAMEWORK_HEADER = YES;
				CLANG_WARN_RANGE_LOOP_ANALYSIS = YES;
				CLANG_WARN_STRICT_PROTOTYPES = YES;
				CLANG_WARN_SUSPICIOUS_MOVE = YES;
				CLANG_WARN_UNGUARDED_AVAILABILITY = YES_AGGRESSIVE;
				CLANG_WARN_UNREACHABLE_CODE = YES;
				CLANG_WARN__DUPLICATE_METHOD_MATCH = YES;
				COPY_PHASE_STRIP = NO;
				DEBUG_INFORMATION_FORMAT = "dwarf-with-dsym";
				ENABLE_NS_ASSERTIONS = NO;
				ENABLE_STRICT_OBJC_MSGSEND = YES;
				GCC_C_LANGUAGE_STANDARD = gnu11;
				GCC_NO_COMMON_BLOCKS = YES;
				GCC_WARN_64_TO_32_BIT_CONVERSION = YES;
				GCC_WARN_ABOUT_RETURN_TYPE = YES_ERROR;
				GCC_WARN_UNDECLARED_SELECTOR = YES;
				GCC_WARN_UNINITIALIZED_AUTOS = YES_AGGRESSIVE;
				GCC_WARN_UNUSED_FUNCTION = YES;
				GCC_WARN_UNUSED_VARIABLE = YES;
				IPHONEOS_DEPLOYMENT_TARGET = 14.4;
				MTL_ENABLE_DEBUG_INFO = NO;
				MTL_FAST_MATH = YES;
				SDKROOT = iphoneos;
				SWIFT_COMPILATION_MODE = wholemodule;
				SWIFT_OPTIMIZATION_LEVEL = "-O";
				VALIDATE_PRODUCT = YES;
			};
			name = Release;
		};
		DE2F54422AEA49720057AF22 /* Debug */ = {
			isa = XCBuildConfiguration;
			buildSettings = {
				ASSETCATALOG_COMPILER_APPICON_NAME = AppIcon;
				ASSETCATALOG_COMPILER_GLOBAL_ACCENT_COLOR_NAME = AccentColor;
				CODE_SIGN_STYLE = Automatic;
				INFOPLIST_FILE = Ejercicio2Xcode/Info.plist;
				LD_RUNPATH_SEARCH_PATHS = (
					"$(inherited)",
					"@executable_path/Frameworks",
				);
				PRODUCT_BUNDLE_IDENTIFIER = sergio.moron.Ejercicio2Xcode;
				PRODUCT_NAME = "$(TARGET_NAME)";
				SWIFT_VERSION = 5.0;
				TARGETED_DEVICE_FAMILY = "1,2";
			};
			name = Debug;
		};
		DE2F54432AEA49720057AF22 /* Release */ = {
			isa = XCBuildConfiguration;
			buildSettings = {
				ASSETCATALOG_COMPILER_APPICON_NAME = AppIcon;
				ASSETCATALOG_COMPILER_GLOBAL_ACCENT_COLOR_NAME = AccentColor;
				CODE_SIGN_STYLE = Automatic;
				INFOPLIST_FILE = Ejercicio2Xcode/Info.plist;
				LD_RUNPATH_SEARCH_PATHS = (
					"$(inherited)",
					"@executable_path/Frameworks",
				);
				PRODUCT_BUNDLE_IDENTIFIER = sergio.moron.Ejercicio2Xcode;
				PRODUCT_NAME = "$(TARGET_NAME)";
				SWIFT_VERSION = 5.0;
				TARGETED_DEVICE_FAMILY = "1,2";
			};
			name = Release;
		};
		DE2F54452AEA49720057AF22 /* Debug */ = {
			isa = XCBuildConfiguration;
			buildSettings = {
				ALWAYS_EMBED_SWIFT_STANDARD_LIBRARIES = YES;
				BUNDLE_LOADER = "$(TEST_HOST)";
				CODE_SIGN_STYLE = Automatic;
				INFOPLIST_FILE = Ejercicio2XcodeTests/Info.plist;
				IPHONEOS_DEPLOYMENT_TARGET = 14.4;
				LD_RUNPATH_SEARCH_PATHS = (
					"$(inherited)",
					"@executable_path/Frameworks",
					"@loader_path/Frameworks",
				);
				PRODUCT_BUNDLE_IDENTIFIER = sergio.moron.Ejercicio2XcodeTests;
				PRODUCT_NAME = "$(TARGET_NAME)";
				SWIFT_VERSION = 5.0;
				TARGETED_DEVICE_FAMILY = "1,2";
				TEST_HOST = "$(BUILT_PRODUCTS_DIR)/Ejercicio2Xcode.app/Ejercicio2Xcode";
			};
			name = Debug;
		};
		DE2F54462AEA49720057AF22 /* Release */ = {
			isa = XCBuildConfiguration;
			buildSettings = {
				ALWAYS_EMBED_SWIFT_STANDARD_LIBRARIES = YES;
				BUNDLE_LOADER = "$(TEST_HOST)";
				CODE_SIGN_STYLE = Automatic;
				INFOPLIST_FILE = Ejercicio2XcodeTests/Info.plist;
				IPHONEOS_DEPLOYMENT_TARGET = 14.4;
				LD_RUNPATH_SEARCH_PATHS = (
					"$(inherited)",
					"@executable_path/Frameworks",
					"@loader_path/Frameworks",
				);
				PRODUCT_BUNDLE_IDENTIFIER = sergio.moron.Ejercicio2XcodeTests;
				PRODUCT_NAME = "$(TARGET_NAME)";
				SWIFT_VERSION = 5.0;
				TARGETED_DEVICE_FAMILY = "1,2";
				TEST_HOST = "$(BUILT_PRODUCTS_DIR)/Ejercicio2Xcode.app/Ejercicio2Xcode";
			};
			name = Release;
		};
		DE2F54482AEA49720057AF22 /* Debug */ = {
			isa = XCBuildConfiguration;
			buildSettings = {
				ALWAYS_EMBED_SWIFT_STANDARD_LIBRARIES = YES;
				CODE_SIGN_STYLE = Automatic;
				INFOPLIST_FILE = Ejercicio2XcodeUITests/Info.plist;
				LD_RUNPATH_SEARCH_PATHS = (
					"$(inherited)",
					"@executable_path/Frameworks",
					"@loader_path/Frameworks",
				);
				PRODUCT_BUNDLE_IDENTIFIER = sergio.moron.Ejercicio2XcodeUITests;
				PRODUCT_NAME = "$(TARGET_NAME)";
				SWIFT_VERSION = 5.0;
				TARGETED_DEVICE_FAMILY = "1,2";
				TEST_TARGET_NAME = Ejercicio2Xcode;
			};
			name = Debug;
		};
		DE2F54492AEA49720057AF22 /* Release */ = {
			isa = XCBuildConfiguration;
			buildSettings = {
				ALWAYS_EMBED_SWIFT_STANDARD_LIBRARIES = YES;
				CODE_SIGN_STYLE = Automatic;
				INFOPLIST_FILE = Ejercicio2XcodeUITests/Info.plist;
				LD_RUNPATH_SEARCH_PATHS = (
					"$(inherited)",
					"@executable_path/Frameworks",
					"@loader_path/Frameworks",
				);
				PRODUCT_BUNDLE_IDENTIFIER = sergio.moron.Ejercicio2XcodeUITests;
				PRODUCT_NAME = "$(TARGET_NAME)";
				SWIFT_VERSION = 5.0;
				TARGETED_DEVICE_FAMILY = "1,2";
				TEST_TARGET_NAME = Ejercicio2Xcode;
			};
			name = Release;
		};
/* End XCBuildConfiguration section */

/* Begin XCConfigurationList section */
		DE2F54122AEA49710057AF22 /* Build configuration list for PBXProject "Ejercicio2Xcode" */ = {
			isa = XCConfigurationList;
			buildConfigurations = (
				DE2F543F2AEA49720057AF22 /* Debug */,
				DE2F54402AEA49720057AF22 /* Release */,
			);
			defaultConfigurationIsVisible = 0;
			defaultConfigurationName = Release;
		};
		DE2F54412AEA49720057AF22 /* Build configuration list for PBXNativeTarget "Ejercicio2Xcode" */ = {
			isa = XCConfigurationList;
			buildConfigurations = (
				DE2F54422AEA49720057AF22 /* Debug */,
				DE2F54432AEA49720057AF22 /* Release */,
			);
			defaultConfigurationIsVisible = 0;
			defaultConfigurationName = Release;
		};
		DE2F54442AEA49720057AF22 /* Build configuration list for PBXNativeTarget "Ejercicio2XcodeTests" */ = {
			isa = XCConfigurationList;
			buildConfigurations = (
				DE2F54452AEA49720057AF22 /* Debug */,
				DE2F54462AEA49720057AF22 /* Release */,
			);
			defaultConfigurationIsVisible = 0;
			defaultConfigurationName = Release;
		};
		DE2F54472AEA49720057AF22 /* Build configuration list for PBXNativeTarget "Ejercicio2XcodeUITests" */ = {
			isa = XCConfigurationList;
			buildConfigurations = (
				DE2F54482AEA49720057AF22 /* Debug */,
				DE2F54492AEA49720057AF22 /* Release */,
			);
			defaultConfigurationIsVisible = 0;
			defaultConfigurationName = Release;
		};
/* End XCConfigurationList section */
	};
	rootObject = DE2F540F2AEA49710057AF22 /* Project object */;
}
